
Microsoft Visual Studio Solution File, Format Version 12.00
# Visual Studio Version 16
VisualStudioVersion = 16.0.29418.71
MinimumVisualStudioVersion = 10.0.40219.1
Project("{8BC9CEB8-8B4A-11D0-8D11-00A0C91BC942}") = "Fraction", "Fraction.vcxproj", "{22FDBCF6-6413-48F2-B89F-A55A23B429C7}"
EndProject
Project("{8BC9CEB8-8B4A-11D0-8D11-00A0C91BC942}") = "Fraction_Test", "Fraction_Test\Fraction_Test.vcxproj", "{1AE65C3F-460C-4A34-B6D3-1A3645DC89A1}"
EndProject
Global
	GlobalSection(SolutionConfigurationPlatforms) = preSolution
		Debug|x64 = Debug|x64
		Debug|x86 = Debug|x86
		Release|x64 = Release|x64
		Release|x86 = Release|x86
	EndGlobalSection
	GlobalSection(ProjectConfigurationPlatforms) = postSolution
		{22FDBCF6-6413-48F2-B89F-A55A23B429C7}.Debug|x64.ActiveCfg = Debug|x64
		{22FDBCF6-6413-48F2-B89F-A55A23B429C7}.Debug|x64.Build.0 = Debug|x64
		{22FDBCF6-6413-48F2-B89F-A55A23B429C7}.Debug|x86.ActiveCfg = Debug|Win32
		{22FDBCF6-6413-48F2-B89F-A55A23B429C7}.Debug|x86.Build.0 = Debug|Win32
		{22FDBCF6-6413-48F2-B89F-A55A23B429C7}.Release|x64.ActiveCfg = Release|x64
		{22FDBCF6-6413-48F2-B89F-A55A23B429C7}.Release|x64.Build.0 = Release|x64
		{22FDBCF6-6413-48F2-B89F-A55A23B429C7}.Release|x86.ActiveCfg = Release|Win32
		{22FDBCF6-6413-48F2-B89F-A55A23B429C7}.Release|x86.Build.0 = Release|Win32
		{1AE65C3F-460C-4A34-B6D3-1A3645DC89A1}.Debug|x64.ActiveCfg = Debug|x64
		{1AE65C3F-460C-4A34-B6D3-1A3645DC89A1}.Debug|x64.Build.0 = Debug|x64
		{1AE65C3F-460C-4A34-B6D3-1A3645DC89A1}.Debug|x86.ActiveCfg = Debug|Win32
		{1AE65C3F-460C-4A34-B6D3-1A3645DC89A1}.Debug|x86.Build.0 = Debug|Win32
		{1AE65C3F-460C-4A34-B6D3-1A3645DC89A1}.Release|x64.ActiveCfg = Release|x64
		{1AE65C3F-460C-4A34-B6D3-1A3645DC89A1}.Release|x64.Build.0 = Release|x64
		{1AE65C3F-460C-4A34-B6D3-1A3645DC89A1}.Release|x86.ActiveCfg = Release|Win32
		{1AE65C3F-460C-4A34-B6D3-1A3645DC89A1}.Release|x86.Build.0 = Release|Win32
	EndGlobalSection
	GlobalSection(SolutionProperties) = preSolution
		HideSolutionNode = FALSE
	EndGlobalSection
	GlobalSection(ExtensibilityGlobals) = postSolution
		SolutionGuid = {8659C1F7-DE32-43A7-AD20-67B85E4D01BB}
	EndGlobalSection
EndGlobal
